
Microsoft Visual Studio Solution File, Format Version 12.00
# Visual Studio Version 16
VisualStudioVersion = 16.0.29911.84
MinimumVisualStudioVersion = 10.0.40219.1
Project("{9A19103F-16F7-4668-BE54-9A1E7A4F7556}") = "HelloWorldProj", "src\HelloWorld\HelloWorldProj.csproj", "{850F69B5-2425-4CE3-BEE6-40E08BB08CB3}"
EndProject
Project("{9A19103F-16F7-4668-BE54-9A1E7A4F7556}") = "SimpleCalculator", "src\SimpleCalculator\SimpleCalculator.csproj", "{F8777F82-9547-44A0-A982-9681D04FCFD4}"
EndProject
Project("{9A19103F-16F7-4668-BE54-9A1E7A4F7556}") = "TaskHandler", "..\..\TMS Test\Tasks Draft\Example1\TaskHandler.csproj", "{811E24BC-480E-4383-A5CF-D47F7BB16720}"
EndProject
Global
	GlobalSection(SolutionConfigurationPlatforms) = preSolution
		Debug|Any CPU = Debug|Any CPU
		Release|Any CPU = Release|Any CPU
	EndGlobalSection
	GlobalSection(ProjectConfigurationPlatforms) = postSolution
		{850F69B5-2425-4CE3-BEE6-40E08BB08CB3}.Debug|Any CPU.ActiveCfg = Debug|Any CPU
		{850F69B5-2425-4CE3-BEE6-40E08BB08CB3}.Debug|Any CPU.Build.0 = Debug|Any CPU
		{850F69B5-2425-4CE3-BEE6-40E08BB08CB3}.Release|Any CPU.ActiveCfg = Release|Any CPU
		{850F69B5-2425-4CE3-BEE6-40E08BB08CB3}.Release|Any CPU.Build.0 = Release|Any CPU
		{F8777F82-9547-44A0-A982-9681D04FCFD4}.Debug|Any CPU.ActiveCfg = Debug|Any CPU
		{F8777F82-9547-44A0-A982-9681D04FCFD4}.Debug|Any CPU.Build.0 = Debug|Any CPU
		{F8777F82-9547-44A0-A982-9681D04FCFD4}.Release|Any CPU.ActiveCfg = Release|Any CPU
		{F8777F82-9547-44A0-A982-9681D04FCFD4}.Release|Any CPU.Build.0 = Release|Any CPU
		{811E24BC-480E-4383-A5CF-D47F7BB16720}.Debug|Any CPU.ActiveCfg = Debug|Any CPU
		{811E24BC-480E-4383-A5CF-D47F7BB16720}.Debug|Any CPU.Build.0 = Debug|Any CPU
		{811E24BC-480E-4383-A5CF-D47F7BB16720}.Release|Any CPU.ActiveCfg = Release|Any CPU
		{811E24BC-480E-4383-A5CF-D47F7BB16720}.Release|Any CPU.Build.0 = Release|Any CPU
	EndGlobalSection
	GlobalSection(SolutionProperties) = preSolution
		HideSolutionNode = FALSE
	EndGlobalSection
	GlobalSection(ExtensibilityGlobals) = postSolution
		SolutionGuid = {622CCD8D-5EE4-4493-9492-7D8662E4678C}
	EndGlobalSection
EndGlobal
