
Microsoft Visual Studio Solution File, Format Version 12.00
# Visual Studio Version 16
VisualStudioVersion = 16.0.29911.84
MinimumVisualStudioVersion = 10.0.40219.1
Project("{9A19103F-16F7-4668-BE54-9A1E7A4F7556}") = "HelloWorldProj", "src\HelloWorld\HelloWorldProj.csproj", "{850F69B5-2425-4CE3-BEE6-40E08BB08CB3}"
EndProject
Project("{9A19103F-16F7-4668-BE54-9A1E7A4F7556}") = "SimpleCalculator", "src\SimpleCalculator\SimpleCalculator.csproj", "{F8777F82-9547-44A0-A982-9681D04FCFD4}"
EndProject
Project("{9A19103F-16F7-4668-BE54-9A1E7A4F7556}") = "TaskHandler", "src\TaskHandler\TaskHandler.csproj", "{811E24BC-480E-4383-A5CF-D47F7BB16720}"
EndProject
Project("{9A19103F-16F7-4668-BE54-9A1E7A4F7556}") = "TaskHandler v. 2.0", "src\TaskHandler v. 2.0\TaskHandler v. 2.0.csproj", "{7F751BEA-E7F9-4245-9564-E922832C677C}"
EndProject
Project("{2150E333-8FDC-42A3-9474-1A3956D46DE8}") = "ShopProject", "ShopProject", "{537514CA-5DB9-49EF-B43E-8A31C0586197}"
EndProject
Project("{9A19103F-16F7-4668-BE54-9A1E7A4F7556}") = "ShopProgram", "src\ShopProject\ShopProgram\ShopProgram.csproj", "{D84CD395-61DA-4D6A-9DE3-FBE5A02097C6}"
EndProject
Project("{9A19103F-16F7-4668-BE54-9A1E7A4F7556}") = "ShopLibrary", "src\ShopProject\ShopLibrary\ShopLibrary.csproj", "{B24118DD-A052-4133-9AC9-B48DEC393BA3}"
EndProject
Project("{9A19103F-16F7-4668-BE54-9A1E7A4F7556}") = "Shop_Simulator_Test", "Tests\ProductTest\Shop_Simulator_Test.csproj", "{6B2A3465-DF5A-4D10-8401-0910255FACD7}"
EndProject
Project("{2150E333-8FDC-42A3-9474-1A3956D46DE8}") = "Tests", "Tests", "{E214823B-3AD2-441F-836C-8B8F1C4D6D23}"
EndProject
Project("{2150E333-8FDC-42A3-9474-1A3956D46DE8}") = "src", "src", "{5D225217-05E8-4C0D-8A31-CBE8F84CEEBF}"
EndProject
Project("{2150E333-8FDC-42A3-9474-1A3956D46DE8}") = "ATM_Project", "ATM_Project", "{747C7DF9-1E3F-47A2-BAFF-CBA413A32381}"
EndProject
Project("{2150E333-8FDC-42A3-9474-1A3956D46DE8}") = "ATM.cmd", "ATM.cmd", "{9EAA6490-0AF5-421A-91A8-6B863D703788}"
EndProject
Project("{2150E333-8FDC-42A3-9474-1A3956D46DE8}") = "ATM_BL", "ATM_BL", "{EEDF85A1-87F7-4F2C-9C73-0D136FD4ACCB}"
EndProject
Project("{9A19103F-16F7-4668-BE54-9A1E7A4F7556}") = "ATM.BL", "src\ATM_Project\ATM.BL\ATM.BL.csproj", "{C9454B37-135E-4530-A544-B76E757CE871}"
EndProject
Project("{9A19103F-16F7-4668-BE54-9A1E7A4F7556}") = "ATM.App", "src\ATM_Project\ATM.App\ATM.App.csproj", "{6C6E12B2-B860-4813-B1F4-7251235F4642}"
EndProject
Project("{2150E333-8FDC-42A3-9474-1A3956D46DE8}") = "TaskHandler_Proj", "TaskHandler_Proj", "{4107F4D3-C1C5-48C9-B24D-F928F2CFA160}"
EndProject
Project("{9A19103F-16F7-4668-BE54-9A1E7A4F7556}") = "ATM_Tests2.0", "Tests\ATM_Tests2.0\ATM_Tests2.0.csproj", "{8C41FCBA-A6DC-47FB-A75B-4059E4481AAD}"
EndProject
Project("{9A19103F-16F7-4668-BE54-9A1E7A4F7556}") = "Queue simulator", "src\Queue simulator\Queue simulator.csproj", "{51AEAD87-D1C7-460F-9113-6B1DE04F893F}"
EndProject
Project("{2150E333-8FDC-42A3-9474-1A3956D46DE8}") = "SimpleChatProject", "SimpleChatProject", "{A8515E3E-9EF2-4BDB-810B-DD9DE334E085}"
EndProject
Project("{9A19103F-16F7-4668-BE54-9A1E7A4F7556}") = "SimpleChatProject.BL", "src\SimpleChatProject\SimpleChatProject.BL\SimpleChatProject.BL.csproj", "{EC146B25-EE14-476C-9A7A-733A194CDC9A}"
EndProject
Project("{9A19103F-16F7-4668-BE54-9A1E7A4F7556}") = "SimpleChatProject.App", "src\SimpleChatProject\SimpleChatProject.App\SimpleChatProject.App.csproj", "{10F6DDF9-ABE5-44D8-AEDA-CC9561D0D370}"
EndProject
Project("{FAE04EC0-301F-11D3-BF4B-00C04F79EFBC}") = "SimpleChatProject.ServerApp", "src\SimpleChatProject\SimpleChatProject.ServerApp\SimpleChatProject.ServerApp.csproj", "{30C8539A-EB62-4317-A1CD-9AAF9F8494CE}"
EndProject
Project("{2150E333-8FDC-42A3-9474-1A3956D46DE8}") = "Client-Server-Interaction", "Client-Server-Interaction", "{2CF9DA68-E1A9-484C-9225-3C1F580B2D55}"
EndProject
Project("{FAE04EC0-301F-11D3-BF4B-00C04F79EFBC}") = "Server", "src\Client-Server-Interaction\Server\Server.csproj", "{6B176F68-D8C5-48A0-B972-8F18125D06B0}"
EndProject
Project("{FAE04EC0-301F-11D3-BF4B-00C04F79EFBC}") = "ClientApp", "src\Client-Server-Interaction\ClientApp\ClientApp.csproj", "{D18DD77C-7922-4120-94C6-F5949162747A}"
EndProject
Project("{FAE04EC0-301F-11D3-BF4B-00C04F79EFBC}") = "ClientServer.BL", "src\Client-Server-Interaction\ClientServer.BL\ClientServer.BL.csproj", "{7CB145C2-4B24-419C-B53E-1277FC11CD2A}"
EndProject
Global
	GlobalSection(SolutionConfigurationPlatforms) = preSolution
		Debug|Any CPU = Debug|Any CPU
		Release|Any CPU = Release|Any CPU
	EndGlobalSection
	GlobalSection(ProjectConfigurationPlatforms) = postSolution
		{850F69B5-2425-4CE3-BEE6-40E08BB08CB3}.Debug|Any CPU.ActiveCfg = Debug|Any CPU
		{850F69B5-2425-4CE3-BEE6-40E08BB08CB3}.Debug|Any CPU.Build.0 = Debug|Any CPU
		{850F69B5-2425-4CE3-BEE6-40E08BB08CB3}.Release|Any CPU.ActiveCfg = Release|Any CPU
		{850F69B5-2425-4CE3-BEE6-40E08BB08CB3}.Release|Any CPU.Build.0 = Release|Any CPU
		{F8777F82-9547-44A0-A982-9681D04FCFD4}.Debug|Any CPU.ActiveCfg = Debug|Any CPU
		{F8777F82-9547-44A0-A982-9681D04FCFD4}.Debug|Any CPU.Build.0 = Debug|Any CPU
		{F8777F82-9547-44A0-A982-9681D04FCFD4}.Release|Any CPU.ActiveCfg = Release|Any CPU
		{F8777F82-9547-44A0-A982-9681D04FCFD4}.Release|Any CPU.Build.0 = Release|Any CPU
		{811E24BC-480E-4383-A5CF-D47F7BB16720}.Debug|Any CPU.ActiveCfg = Debug|Any CPU
		{811E24BC-480E-4383-A5CF-D47F7BB16720}.Debug|Any CPU.Build.0 = Debug|Any CPU
		{811E24BC-480E-4383-A5CF-D47F7BB16720}.Release|Any CPU.ActiveCfg = Release|Any CPU
		{811E24BC-480E-4383-A5CF-D47F7BB16720}.Release|Any CPU.Build.0 = Release|Any CPU
		{7F751BEA-E7F9-4245-9564-E922832C677C}.Debug|Any CPU.ActiveCfg = Debug|Any CPU
		{7F751BEA-E7F9-4245-9564-E922832C677C}.Debug|Any CPU.Build.0 = Debug|Any CPU
		{7F751BEA-E7F9-4245-9564-E922832C677C}.Release|Any CPU.ActiveCfg = Release|Any CPU
		{7F751BEA-E7F9-4245-9564-E922832C677C}.Release|Any CPU.Build.0 = Release|Any CPU
		{D84CD395-61DA-4D6A-9DE3-FBE5A02097C6}.Debug|Any CPU.ActiveCfg = Debug|Any CPU
		{D84CD395-61DA-4D6A-9DE3-FBE5A02097C6}.Debug|Any CPU.Build.0 = Debug|Any CPU
		{D84CD395-61DA-4D6A-9DE3-FBE5A02097C6}.Release|Any CPU.ActiveCfg = Release|Any CPU
		{D84CD395-61DA-4D6A-9DE3-FBE5A02097C6}.Release|Any CPU.Build.0 = Release|Any CPU
		{B24118DD-A052-4133-9AC9-B48DEC393BA3}.Debug|Any CPU.ActiveCfg = Debug|Any CPU
		{B24118DD-A052-4133-9AC9-B48DEC393BA3}.Debug|Any CPU.Build.0 = Debug|Any CPU
		{B24118DD-A052-4133-9AC9-B48DEC393BA3}.Release|Any CPU.ActiveCfg = Release|Any CPU
		{B24118DD-A052-4133-9AC9-B48DEC393BA3}.Release|Any CPU.Build.0 = Release|Any CPU
		{6B2A3465-DF5A-4D10-8401-0910255FACD7}.Debug|Any CPU.ActiveCfg = Debug|Any CPU
		{6B2A3465-DF5A-4D10-8401-0910255FACD7}.Debug|Any CPU.Build.0 = Debug|Any CPU
		{6B2A3465-DF5A-4D10-8401-0910255FACD7}.Release|Any CPU.ActiveCfg = Release|Any CPU
		{6B2A3465-DF5A-4D10-8401-0910255FACD7}.Release|Any CPU.Build.0 = Release|Any CPU
		{C9454B37-135E-4530-A544-B76E757CE871}.Debug|Any CPU.ActiveCfg = Debug|Any CPU
		{C9454B37-135E-4530-A544-B76E757CE871}.Debug|Any CPU.Build.0 = Debug|Any CPU
		{C9454B37-135E-4530-A544-B76E757CE871}.Release|Any CPU.ActiveCfg = Release|Any CPU
		{C9454B37-135E-4530-A544-B76E757CE871}.Release|Any CPU.Build.0 = Release|Any CPU
		{6C6E12B2-B860-4813-B1F4-7251235F4642}.Debug|Any CPU.ActiveCfg = Debug|Any CPU
		{6C6E12B2-B860-4813-B1F4-7251235F4642}.Debug|Any CPU.Build.0 = Debug|Any CPU
		{6C6E12B2-B860-4813-B1F4-7251235F4642}.Release|Any CPU.ActiveCfg = Release|Any CPU
		{6C6E12B2-B860-4813-B1F4-7251235F4642}.Release|Any CPU.Build.0 = Release|Any CPU
		{8C41FCBA-A6DC-47FB-A75B-4059E4481AAD}.Debug|Any CPU.ActiveCfg = Debug|Any CPU
		{8C41FCBA-A6DC-47FB-A75B-4059E4481AAD}.Debug|Any CPU.Build.0 = Debug|Any CPU
		{8C41FCBA-A6DC-47FB-A75B-4059E4481AAD}.Release|Any CPU.ActiveCfg = Release|Any CPU
		{8C41FCBA-A6DC-47FB-A75B-4059E4481AAD}.Release|Any CPU.Build.0 = Release|Any CPU
		{51AEAD87-D1C7-460F-9113-6B1DE04F893F}.Debug|Any CPU.ActiveCfg = Debug|Any CPU
		{51AEAD87-D1C7-460F-9113-6B1DE04F893F}.Debug|Any CPU.Build.0 = Debug|Any CPU
		{51AEAD87-D1C7-460F-9113-6B1DE04F893F}.Release|Any CPU.ActiveCfg = Release|Any CPU
		{51AEAD87-D1C7-460F-9113-6B1DE04F893F}.Release|Any CPU.Build.0 = Release|Any CPU
		{EC146B25-EE14-476C-9A7A-733A194CDC9A}.Debug|Any CPU.ActiveCfg = Debug|Any CPU
		{EC146B25-EE14-476C-9A7A-733A194CDC9A}.Debug|Any CPU.Build.0 = Debug|Any CPU
		{EC146B25-EE14-476C-9A7A-733A194CDC9A}.Release|Any CPU.ActiveCfg = Release|Any CPU
		{EC146B25-EE14-476C-9A7A-733A194CDC9A}.Release|Any CPU.Build.0 = Release|Any CPU
		{10F6DDF9-ABE5-44D8-AEDA-CC9561D0D370}.Debug|Any CPU.ActiveCfg = Debug|Any CPU
		{10F6DDF9-ABE5-44D8-AEDA-CC9561D0D370}.Debug|Any CPU.Build.0 = Debug|Any CPU
		{10F6DDF9-ABE5-44D8-AEDA-CC9561D0D370}.Release|Any CPU.ActiveCfg = Release|Any CPU
		{10F6DDF9-ABE5-44D8-AEDA-CC9561D0D370}.Release|Any CPU.Build.0 = Release|Any CPU
		{30C8539A-EB62-4317-A1CD-9AAF9F8494CE}.Debug|Any CPU.ActiveCfg = Debug|Any CPU
		{30C8539A-EB62-4317-A1CD-9AAF9F8494CE}.Debug|Any CPU.Build.0 = Debug|Any CPU
		{30C8539A-EB62-4317-A1CD-9AAF9F8494CE}.Release|Any CPU.ActiveCfg = Release|Any CPU
		{30C8539A-EB62-4317-A1CD-9AAF9F8494CE}.Release|Any CPU.Build.0 = Release|Any CPU
		{6B176F68-D8C5-48A0-B972-8F18125D06B0}.Debug|Any CPU.ActiveCfg = Debug|Any CPU
		{6B176F68-D8C5-48A0-B972-8F18125D06B0}.Debug|Any CPU.Build.0 = Debug|Any CPU
		{6B176F68-D8C5-48A0-B972-8F18125D06B0}.Release|Any CPU.ActiveCfg = Release|Any CPU
		{6B176F68-D8C5-48A0-B972-8F18125D06B0}.Release|Any CPU.Build.0 = Release|Any CPU
		{D18DD77C-7922-4120-94C6-F5949162747A}.Debug|Any CPU.ActiveCfg = Debug|Any CPU
		{D18DD77C-7922-4120-94C6-F5949162747A}.Debug|Any CPU.Build.0 = Debug|Any CPU
		{D18DD77C-7922-4120-94C6-F5949162747A}.Release|Any CPU.ActiveCfg = Release|Any CPU
		{D18DD77C-7922-4120-94C6-F5949162747A}.Release|Any CPU.Build.0 = Release|Any CPU
		{7CB145C2-4B24-419C-B53E-1277FC11CD2A}.Debug|Any CPU.ActiveCfg = Debug|Any CPU
		{7CB145C2-4B24-419C-B53E-1277FC11CD2A}.Debug|Any CPU.Build.0 = Debug|Any CPU
		{7CB145C2-4B24-419C-B53E-1277FC11CD2A}.Release|Any CPU.ActiveCfg = Release|Any CPU
		{7CB145C2-4B24-419C-B53E-1277FC11CD2A}.Release|Any CPU.Build.0 = Release|Any CPU
	EndGlobalSection
	GlobalSection(SolutionProperties) = preSolution
		HideSolutionNode = FALSE
	EndGlobalSection
	GlobalSection(NestedProjects) = preSolution
		{850F69B5-2425-4CE3-BEE6-40E08BB08CB3} = {5D225217-05E8-4C0D-8A31-CBE8F84CEEBF}
		{F8777F82-9547-44A0-A982-9681D04FCFD4} = {5D225217-05E8-4C0D-8A31-CBE8F84CEEBF}
		{811E24BC-480E-4383-A5CF-D47F7BB16720} = {4107F4D3-C1C5-48C9-B24D-F928F2CFA160}
		{7F751BEA-E7F9-4245-9564-E922832C677C} = {4107F4D3-C1C5-48C9-B24D-F928F2CFA160}
		{537514CA-5DB9-49EF-B43E-8A31C0586197} = {5D225217-05E8-4C0D-8A31-CBE8F84CEEBF}
		{D84CD395-61DA-4D6A-9DE3-FBE5A02097C6} = {537514CA-5DB9-49EF-B43E-8A31C0586197}
		{B24118DD-A052-4133-9AC9-B48DEC393BA3} = {537514CA-5DB9-49EF-B43E-8A31C0586197}
		{6B2A3465-DF5A-4D10-8401-0910255FACD7} = {E214823B-3AD2-441F-836C-8B8F1C4D6D23}
		{747C7DF9-1E3F-47A2-BAFF-CBA413A32381} = {5D225217-05E8-4C0D-8A31-CBE8F84CEEBF}
		{9EAA6490-0AF5-421A-91A8-6B863D703788} = {747C7DF9-1E3F-47A2-BAFF-CBA413A32381}
		{EEDF85A1-87F7-4F2C-9C73-0D136FD4ACCB} = {747C7DF9-1E3F-47A2-BAFF-CBA413A32381}
		{C9454B37-135E-4530-A544-B76E757CE871} = {EEDF85A1-87F7-4F2C-9C73-0D136FD4ACCB}
		{6C6E12B2-B860-4813-B1F4-7251235F4642} = {9EAA6490-0AF5-421A-91A8-6B863D703788}
		{4107F4D3-C1C5-48C9-B24D-F928F2CFA160} = {5D225217-05E8-4C0D-8A31-CBE8F84CEEBF}
		{8C41FCBA-A6DC-47FB-A75B-4059E4481AAD} = {E214823B-3AD2-441F-836C-8B8F1C4D6D23}
		{51AEAD87-D1C7-460F-9113-6B1DE04F893F} = {5D225217-05E8-4C0D-8A31-CBE8F84CEEBF}
		{A8515E3E-9EF2-4BDB-810B-DD9DE334E085} = {5D225217-05E8-4C0D-8A31-CBE8F84CEEBF}
		{EC146B25-EE14-476C-9A7A-733A194CDC9A} = {A8515E3E-9EF2-4BDB-810B-DD9DE334E085}
		{10F6DDF9-ABE5-44D8-AEDA-CC9561D0D370} = {A8515E3E-9EF2-4BDB-810B-DD9DE334E085}
		{30C8539A-EB62-4317-A1CD-9AAF9F8494CE} = {A8515E3E-9EF2-4BDB-810B-DD9DE334E085}
		{2CF9DA68-E1A9-484C-9225-3C1F580B2D55} = {5D225217-05E8-4C0D-8A31-CBE8F84CEEBF}
		{6B176F68-D8C5-48A0-B972-8F18125D06B0} = {2CF9DA68-E1A9-484C-9225-3C1F580B2D55}
		{D18DD77C-7922-4120-94C6-F5949162747A} = {2CF9DA68-E1A9-484C-9225-3C1F580B2D55}
		{7CB145C2-4B24-419C-B53E-1277FC11CD2A} = {2CF9DA68-E1A9-484C-9225-3C1F580B2D55}
	EndGlobalSection
	GlobalSection(ExtensibilityGlobals) = postSolution
		SolutionGuid = {622CCD8D-5EE4-4493-9492-7D8662E4678C}
	EndGlobalSection
EndGlobal
